
Microsoft Visual Studio Solution File, Format Version 12.00
# Visual Studio 15
VisualStudioVersion = 15.0.27428.2027
MinimumVisualStudioVersion = 10.0.40219.1
Project("{FAE04EC0-301F-11D3-BF4B-00C04F79EFBC}") = "ShiftNinjaMobile.Android", "ShiftNinjaMobile\ShiftNinjaMobile.Android\ShiftNinjaMobile.Android.csproj", "{85CD1409-E1A2-4161-BED9-BD65356DADA9}"
EndProject
Project("{FAE04EC0-301F-11D3-BF4B-00C04F79EFBC}") = "ShiftNinjaMobile.iOS", "ShiftNinjaMobile\ShiftNinjaMobile.iOS\ShiftNinjaMobile.iOS.csproj", "{00230D96-1386-4635-A142-7CB7D2EC543D}"
EndProject
Project("{FAE04EC0-301F-11D3-BF4B-00C04F79EFBC}") = "ShiftNinjaMobile.UWP", "ShiftNinjaMobile\ShiftNinjaMobile.UWP\ShiftNinjaMobile.UWP.csproj", "{7FC39ABB-2DD7-4598-8A0B-4AB9596DDBCE}"
EndProject
Project("{D954291E-2A0B-460D-934E-DC6B0785DB48}") = "ShiftNinjaMobile", "ShiftNinjaMobile\ShiftNinjaMobile\ShiftNinjaMobile.shproj", "{4115C9DF-685B-46F7-9360-7A9E1B02A033}"
EndProject
Global
	GlobalSection(SharedMSBuildProjectFiles) = preSolution
		ShiftNinjaMobile\ShiftNinjaMobile\ShiftNinjaMobile.projitems*{00230d96-1386-4635-a142-7cb7d2ec543d}*SharedItemsImports = 4
		ShiftNinjaMobile\ShiftNinjaMobile\ShiftNinjaMobile.projitems*{4115c9df-685b-46f7-9360-7a9e1b02a033}*SharedItemsImports = 13
		ShiftNinjaMobile\ShiftNinjaMobile\ShiftNinjaMobile.projitems*{7fc39abb-2dd7-4598-8a0b-4ab9596ddbce}*SharedItemsImports = 4
		ShiftNinjaMobile\ShiftNinjaMobile\ShiftNinjaMobile.projitems*{85cd1409-e1a2-4161-bed9-bd65356dada9}*SharedItemsImports = 4
	EndGlobalSection
	GlobalSection(SolutionConfigurationPlatforms) = preSolution
		Ad-Hoc|Any CPU = Ad-Hoc|Any CPU
		Ad-Hoc|ARM = Ad-Hoc|ARM
		Ad-Hoc|iPhone = Ad-Hoc|iPhone
		Ad-Hoc|iPhoneSimulator = Ad-Hoc|iPhoneSimulator
		Ad-Hoc|x64 = Ad-Hoc|x64
		Ad-Hoc|x86 = Ad-Hoc|x86
		AppStore|Any CPU = AppStore|Any CPU
		AppStore|ARM = AppStore|ARM
		AppStore|iPhone = AppStore|iPhone
		AppStore|iPhoneSimulator = AppStore|iPhoneSimulator
		AppStore|x64 = AppStore|x64
		AppStore|x86 = AppStore|x86
		Debug|Any CPU = Debug|Any CPU
		Debug|ARM = Debug|ARM
		Debug|iPhone = Debug|iPhone
		Debug|iPhoneSimulator = Debug|iPhoneSimulator
		Debug|x64 = Debug|x64
		Debug|x86 = Debug|x86
		Release|Any CPU = Release|Any CPU
		Release|ARM = Release|ARM
		Release|iPhone = Release|iPhone
		Release|iPhoneSimulator = Release|iPhoneSimulator
		Release|x64 = Release|x64
		Release|x86 = Release|x86
	EndGlobalSection
	GlobalSection(ProjectConfigurationPlatforms) = postSolution
		{85CD1409-E1A2-4161-BED9-BD65356DADA9}.Ad-Hoc|Any CPU.ActiveCfg = Release|Any CPU
		{85CD1409-E1A2-4161-BED9-BD65356DADA9}.Ad-Hoc|Any CPU.Build.0 = Release|Any CPU
		{85CD1409-E1A2-4161-BED9-BD65356DADA9}.Ad-Hoc|Any CPU.Deploy.0 = Release|Any CPU
		{85CD1409-E1A2-4161-BED9-BD65356DADA9}.Ad-Hoc|ARM.ActiveCfg = Release|Any CPU
		{85CD1409-E1A2-4161-BED9-BD65356DADA9}.Ad-Hoc|ARM.Build.0 = Release|Any CPU
		{85CD1409-E1A2-4161-BED9-BD65356DADA9}.Ad-Hoc|ARM.Deploy.0 = Release|Any CPU
		{85CD1409-E1A2-4161-BED9-BD65356DADA9}.Ad-Hoc|iPhone.ActiveCfg = Release|Any CPU
		{85CD1409-E1A2-4161-BED9-BD65356DADA9}.Ad-Hoc|iPhone.Build.0 = Release|Any CPU
		{85CD1409-E1A2-4161-BED9-BD65356DADA9}.Ad-Hoc|iPhone.Deploy.0 = Release|Any CPU
		{85CD1409-E1A2-4161-BED9-BD65356DADA9}.Ad-Hoc|iPhoneSimulator.ActiveCfg = Release|Any CPU
		{85CD1409-E1A2-4161-BED9-BD65356DADA9}.Ad-Hoc|iPhoneSimulator.Build.0 = Release|Any CPU
		{85CD1409-E1A2-4161-BED9-BD65356DADA9}.Ad-Hoc|iPhoneSimulator.Deploy.0 = Release|Any CPU
		{85CD1409-E1A2-4161-BED9-BD65356DADA9}.Ad-Hoc|x64.ActiveCfg = Release|Any CPU
		{85CD1409-E1A2-4161-BED9-BD65356DADA9}.Ad-Hoc|x64.Build.0 = Release|Any CPU
		{85CD1409-E1A2-4161-BED9-BD65356DADA9}.Ad-Hoc|x64.Deploy.0 = Release|Any CPU
		{85CD1409-E1A2-4161-BED9-BD65356DADA9}.Ad-Hoc|x86.ActiveCfg = Release|Any CPU
		{85CD1409-E1A2-4161-BED9-BD65356DADA9}.Ad-Hoc|x86.Build.0 = Release|Any CPU
		{85CD1409-E1A2-4161-BED9-BD65356DADA9}.Ad-Hoc|x86.Deploy.0 = Release|Any CPU
		{85CD1409-E1A2-4161-BED9-BD65356DADA9}.AppStore|Any CPU.ActiveCfg = Release|Any CPU
		{85CD1409-E1A2-4161-BED9-BD65356DADA9}.AppStore|Any CPU.Build.0 = Release|Any CPU
		{85CD1409-E1A2-4161-BED9-BD65356DADA9}.AppStore|Any CPU.Deploy.0 = Release|Any CPU
		{85CD1409-E1A2-4161-BED9-BD65356DADA9}.AppStore|ARM.ActiveCfg = Release|Any CPU
		{85CD1409-E1A2-4161-BED9-BD65356DADA9}.AppStore|ARM.Build.0 = Release|Any CPU
		{85CD1409-E1A2-4161-BED9-BD65356DADA9}.AppStore|ARM.Deploy.0 = Release|Any CPU
		{85CD1409-E1A2-4161-BED9-BD65356DADA9}.AppStore|iPhone.ActiveCfg = Release|Any CPU
		{85CD1409-E1A2-4161-BED9-BD65356DADA9}.AppStore|iPhone.Build.0 = Release|Any CPU
		{85CD1409-E1A2-4161-BED9-BD65356DADA9}.AppStore|iPhone.Deploy.0 = Release|Any CPU
		{85CD1409-E1A2-4161-BED9-BD65356DADA9}.AppStore|iPhoneSimulator.ActiveCfg = Release|Any CPU
		{85CD1409-E1A2-4161-BED9-BD65356DADA9}.AppStore|iPhoneSimulator.Build.0 = Release|Any CPU
		{85CD1409-E1A2-4161-BED9-BD65356DADA9}.AppStore|iPhoneSimulator.Deploy.0 = Release|Any CPU
		{85CD1409-E1A2-4161-BED9-BD65356DADA9}.AppStore|x64.ActiveCfg = Release|Any CPU
		{85CD1409-E1A2-4161-BED9-BD65356DADA9}.AppStore|x64.Build.0 = Release|Any CPU
		{85CD1409-E1A2-4161-BED9-BD65356DADA9}.AppStore|x64.Deploy.0 = Release|Any CPU
		{85CD1409-E1A2-4161-BED9-BD65356DADA9}.AppStore|x86.ActiveCfg = Release|Any CPU
		{85CD1409-E1A2-4161-BED9-BD65356DADA9}.AppStore|x86.Build.0 = Release|Any CPU
		{85CD1409-E1A2-4161-BED9-BD65356DADA9}.AppStore|x86.Deploy.0 = Release|Any CPU
		{85CD1409-E1A2-4161-BED9-BD65356DADA9}.Debug|Any CPU.ActiveCfg = Debug|Any CPU
		{85CD1409-E1A2-4161-BED9-BD65356DADA9}.Debug|Any CPU.Build.0 = Debug|Any CPU
		{85CD1409-E1A2-4161-BED9-BD65356DADA9}.Debug|Any CPU.Deploy.0 = Debug|Any CPU
		{85CD1409-E1A2-4161-BED9-BD65356DADA9}.Debug|ARM.ActiveCfg = Debug|Any CPU
		{85CD1409-E1A2-4161-BED9-BD65356DADA9}.Debug|ARM.Build.0 = Debug|Any CPU
		{85CD1409-E1A2-4161-BED9-BD65356DADA9}.Debug|ARM.Deploy.0 = Debug|Any CPU
		{85CD1409-E1A2-4161-BED9-BD65356DADA9}.Debug|iPhone.ActiveCfg = Debug|Any CPU
		{85CD1409-E1A2-4161-BED9-BD65356DADA9}.Debug|iPhone.Build.0 = Debug|Any CPU
		{85CD1409-E1A2-4161-BED9-BD65356DADA9}.Debug|iPhone.Deploy.0 = Debug|Any CPU
		{85CD1409-E1A2-4161-BED9-BD65356DADA9}.Debug|iPhoneSimulator.ActiveCfg = Debug|Any CPU
		{85CD1409-E1A2-4161-BED9-BD65356DADA9}.Debug|iPhoneSimulator.Build.0 = Debug|Any CPU
		{85CD1409-E1A2-4161-BED9-BD65356DADA9}.Debug|iPhoneSimulator.Deploy.0 = Debug|Any CPU
		{85CD1409-E1A2-4161-BED9-BD65356DADA9}.Debug|x64.ActiveCfg = Debug|Any CPU
		{85CD1409-E1A2-4161-BED9-BD65356DADA9}.Debug|x64.Build.0 = Debug|Any CPU
		{85CD1409-E1A2-4161-BED9-BD65356DADA9}.Debug|x64.Deploy.0 = Debug|Any CPU
		{85CD1409-E1A2-4161-BED9-BD65356DADA9}.Debug|x86.ActiveCfg = Debug|Any CPU
		{85CD1409-E1A2-4161-BED9-BD65356DADA9}.Debug|x86.Build.0 = Debug|Any CPU
		{85CD1409-E1A2-4161-BED9-BD65356DADA9}.Debug|x86.Deploy.0 = Debug|Any CPU
		{85CD1409-E1A2-4161-BED9-BD65356DADA9}.Release|Any CPU.ActiveCfg = Release|Any CPU
		{85CD1409-E1A2-4161-BED9-BD65356DADA9}.Release|Any CPU.Build.0 = Release|Any CPU
		{85CD1409-E1A2-4161-BED9-BD65356DADA9}.Release|Any CPU.Deploy.0 = Release|Any CPU
		{85CD1409-E1A2-4161-BED9-BD65356DADA9}.Release|ARM.ActiveCfg = Release|Any CPU
		{85CD1409-E1A2-4161-BED9-BD65356DADA9}.Release|ARM.Build.0 = Release|Any CPU
		{85CD1409-E1A2-4161-BED9-BD65356DADA9}.Release|ARM.Deploy.0 = Release|Any CPU
		{85CD1409-E1A2-4161-BED9-BD65356DADA9}.Release|iPhone.ActiveCfg = Release|Any CPU
		{85CD1409-E1A2-4161-BED9-BD65356DADA9}.Release|iPhone.Build.0 = Release|Any CPU
		{85CD1409-E1A2-4161-BED9-BD65356DADA9}.Release|iPhone.Deploy.0 = Release|Any CPU
		{85CD1409-E1A2-4161-BED9-BD65356DADA9}.Release|iPhoneSimulator.ActiveCfg = Release|Any CPU
		{85CD1409-E1A2-4161-BED9-BD65356DADA9}.Release|iPhoneSimulator.Build.0 = Release|Any CPU
		{85CD1409-E1A2-4161-BED9-BD65356DADA9}.Release|iPhoneSimulator.Deploy.0 = Release|Any CPU
		{85CD1409-E1A2-4161-BED9-BD65356DADA9}.Release|x64.ActiveCfg = Release|Any CPU
		{85CD1409-E1A2-4161-BED9-BD65356DADA9}.Release|x64.Build.0 = Release|Any CPU
		{85CD1409-E1A2-4161-BED9-BD65356DADA9}.Release|x64.Deploy.0 = Release|Any CPU
		{85CD1409-E1A2-4161-BED9-BD65356DADA9}.Release|x86.ActiveCfg = Release|Any CPU
		{85CD1409-E1A2-4161-BED9-BD65356DADA9}.Release|x86.Build.0 = Release|Any CPU
		{85CD1409-E1A2-4161-BED9-BD65356DADA9}.Release|x86.Deploy.0 = Release|Any CPU
		{00230D96-1386-4635-A142-7CB7D2EC543D}.Ad-Hoc|Any CPU.ActiveCfg = Ad-Hoc|iPhone
		{00230D96-1386-4635-A142-7CB7D2EC543D}.Ad-Hoc|ARM.ActiveCfg = Ad-Hoc|iPhone
		{00230D96-1386-4635-A142-7CB7D2EC543D}.Ad-Hoc|iPhone.ActiveCfg = Ad-Hoc|iPhone
		{00230D96-1386-4635-A142-7CB7D2EC543D}.Ad-Hoc|iPhone.Build.0 = Ad-Hoc|iPhone
		{00230D96-1386-4635-A142-7CB7D2EC543D}.Ad-Hoc|iPhoneSimulator.ActiveCfg = Ad-Hoc|iPhoneSimulator
		{00230D96-1386-4635-A142-7CB7D2EC543D}.Ad-Hoc|iPhoneSimulator.Build.0 = Ad-Hoc|iPhoneSimulator
		{00230D96-1386-4635-A142-7CB7D2EC543D}.Ad-Hoc|x64.ActiveCfg = Ad-Hoc|iPhone
		{00230D96-1386-4635-A142-7CB7D2EC543D}.Ad-Hoc|x86.ActiveCfg = Ad-Hoc|iPhone
		{00230D96-1386-4635-A142-7CB7D2EC543D}.AppStore|Any CPU.ActiveCfg = AppStore|iPhone
		{00230D96-1386-4635-A142-7CB7D2EC543D}.AppStore|ARM.ActiveCfg = AppStore|iPhone
		{00230D96-1386-4635-A142-7CB7D2EC543D}.AppStore|iPhone.ActiveCfg = AppStore|iPhone
		{00230D96-1386-4635-A142-7CB7D2EC543D}.AppStore|iPhone.Build.0 = AppStore|iPhone
		{00230D96-1386-4635-A142-7CB7D2EC543D}.AppStore|iPhoneSimulator.ActiveCfg = AppStore|iPhoneSimulator
		{00230D96-1386-4635-A142-7CB7D2EC543D}.AppStore|iPhoneSimulator.Build.0 = AppStore|iPhoneSimulator
		{00230D96-1386-4635-A142-7CB7D2EC543D}.AppStore|x64.ActiveCfg = AppStore|iPhone
		{00230D96-1386-4635-A142-7CB7D2EC543D}.AppStore|x86.ActiveCfg = AppStore|iPhone
		{00230D96-1386-4635-A142-7CB7D2EC543D}.Debug|Any CPU.ActiveCfg = Debug|iPhone
		{00230D96-1386-4635-A142-7CB7D2EC543D}.Debug|ARM.ActiveCfg = Debug|iPhone
		{00230D96-1386-4635-A142-7CB7D2EC543D}.Debug|iPhone.ActiveCfg = Debug|iPhone
		{00230D96-1386-4635-A142-7CB7D2EC543D}.Debug|iPhone.Build.0 = Debug|iPhone
		{00230D96-1386-4635-A142-7CB7D2EC543D}.Debug|iPhoneSimulator.ActiveCfg = Debug|iPhoneSimulator
		{00230D96-1386-4635-A142-7CB7D2EC543D}.Debug|iPhoneSimulator.Build.0 = Debug|iPhoneSimulator
		{00230D96-1386-4635-A142-7CB7D2EC543D}.Debug|x64.ActiveCfg = Debug|iPhone
		{00230D96-1386-4635-A142-7CB7D2EC543D}.Debug|x86.ActiveCfg = Debug|iPhone
		{00230D96-1386-4635-A142-7CB7D2EC543D}.Release|Any CPU.ActiveCfg = Release|iPhone
		{00230D96-1386-4635-A142-7CB7D2EC543D}.Release|ARM.ActiveCfg = Release|iPhone
		{00230D96-1386-4635-A142-7CB7D2EC543D}.Release|iPhone.ActiveCfg = Release|iPhone
		{00230D96-1386-4635-A142-7CB7D2EC543D}.Release|iPhone.Build.0 = Release|iPhone
		{00230D96-1386-4635-A142-7CB7D2EC543D}.Release|iPhoneSimulator.ActiveCfg = Release|iPhoneSimulator
		{00230D96-1386-4635-A142-7CB7D2EC543D}.Release|iPhoneSimulator.Build.0 = Release|iPhoneSimulator
		{00230D96-1386-4635-A142-7CB7D2EC543D}.Release|x64.ActiveCfg = Release|iPhone
		{00230D96-1386-4635-A142-7CB7D2EC543D}.Release|x86.ActiveCfg = Release|iPhone
		{7FC39ABB-2DD7-4598-8A0B-4AB9596DDBCE}.Ad-Hoc|Any CPU.ActiveCfg = Release|x86
		{7FC39ABB-2DD7-4598-8A0B-4AB9596DDBCE}.Ad-Hoc|Any CPU.Build.0 = Release|x86
		{7FC39ABB-2DD7-4598-8A0B-4AB9596DDBCE}.Ad-Hoc|Any CPU.Deploy.0 = Release|x86
		{7FC39ABB-2DD7-4598-8A0B-4AB9596DDBCE}.Ad-Hoc|ARM.ActiveCfg = Release|ARM
		{7FC39ABB-2DD7-4598-8A0B-4AB9596DDBCE}.Ad-Hoc|ARM.Build.0 = Release|ARM
		{7FC39ABB-2DD7-4598-8A0B-4AB9596DDBCE}.Ad-Hoc|ARM.Deploy.0 = Release|ARM
		{7FC39ABB-2DD7-4598-8A0B-4AB9596DDBCE}.Ad-Hoc|iPhone.ActiveCfg = Release|x86
		{7FC39ABB-2DD7-4598-8A0B-4AB9596DDBCE}.Ad-Hoc|iPhone.Build.0 = Release|x86
		{7FC39ABB-2DD7-4598-8A0B-4AB9596DDBCE}.Ad-Hoc|iPhone.Deploy.0 = Release|x86
		{7FC39ABB-2DD7-4598-8A0B-4AB9596DDBCE}.Ad-Hoc|iPhoneSimulator.ActiveCfg = Release|x86
		{7FC39ABB-2DD7-4598-8A0B-4AB9596DDBCE}.Ad-Hoc|iPhoneSimulator.Build.0 = Release|x86
		{7FC39ABB-2DD7-4598-8A0B-4AB9596DDBCE}.Ad-Hoc|iPhoneSimulator.Deploy.0 = Release|x86
		{7FC39ABB-2DD7-4598-8A0B-4AB9596DDBCE}.Ad-Hoc|x64.ActiveCfg = Release|x64
		{7FC39ABB-2DD7-4598-8A0B-4AB9596DDBCE}.Ad-Hoc|x64.Build.0 = Release|x64
		{7FC39ABB-2DD7-4598-8A0B-4AB9596DDBCE}.Ad-Hoc|x64.Deploy.0 = Release|x64
		{7FC39ABB-2DD7-4598-8A0B-4AB9596DDBCE}.Ad-Hoc|x86.ActiveCfg = Release|x86
		{7FC39ABB-2DD7-4598-8A0B-4AB9596DDBCE}.Ad-Hoc|x86.Build.0 = Release|x86
		{7FC39ABB-2DD7-4598-8A0B-4AB9596DDBCE}.Ad-Hoc|x86.Deploy.0 = Release|x86
		{7FC39ABB-2DD7-4598-8A0B-4AB9596DDBCE}.AppStore|Any CPU.ActiveCfg = Release|x86
		{7FC39ABB-2DD7-4598-8A0B-4AB9596DDBCE}.AppStore|Any CPU.Build.0 = Release|x86
		{7FC39ABB-2DD7-4598-8A0B-4AB9596DDBCE}.AppStore|Any CPU.Deploy.0 = Release|x86
		{7FC39ABB-2DD7-4598-8A0B-4AB9596DDBCE}.AppStore|ARM.ActiveCfg = Release|ARM
		{7FC39ABB-2DD7-4598-8A0B-4AB9596DDBCE}.AppStore|ARM.Build.0 = Release|ARM
		{7FC39ABB-2DD7-4598-8A0B-4AB9596DDBCE}.AppStore|ARM.Deploy.0 = Release|ARM
		{7FC39ABB-2DD7-4598-8A0B-4AB9596DDBCE}.AppStore|iPhone.ActiveCfg = Release|x86
		{7FC39ABB-2DD7-4598-8A0B-4AB9596DDBCE}.AppStore|iPhone.Build.0 = Release|x86
		{7FC39ABB-2DD7-4598-8A0B-4AB9596DDBCE}.AppStore|iPhone.Deploy.0 = Release|x86
		{7FC39ABB-2DD7-4598-8A0B-4AB9596DDBCE}.AppStore|iPhoneSimulator.ActiveCfg = Release|x86
		{7FC39ABB-2DD7-4598-8A0B-4AB9596DDBCE}.AppStore|iPhoneSimulator.Build.0 = Release|x86
		{7FC39ABB-2DD7-4598-8A0B-4AB9596DDBCE}.AppStore|iPhoneSimulator.Deploy.0 = Release|x86
		{7FC39ABB-2DD7-4598-8A0B-4AB9596DDBCE}.AppStore|x64.ActiveCfg = Release|x64
		{7FC39ABB-2DD7-4598-8A0B-4AB9596DDBCE}.AppStore|x64.Build.0 = Release|x64
		{7FC39ABB-2DD7-4598-8A0B-4AB9596DDBCE}.AppStore|x64.Deploy.0 = Release|x64
		{7FC39ABB-2DD7-4598-8A0B-4AB9596DDBCE}.AppStore|x86.ActiveCfg = Release|x86
		{7FC39ABB-2DD7-4598-8A0B-4AB9596DDBCE}.AppStore|x86.Build.0 = Release|x86
		{7FC39ABB-2DD7-4598-8A0B-4AB9596DDBCE}.AppStore|x86.Deploy.0 = Release|x86
		{7FC39ABB-2DD7-4598-8A0B-4AB9596DDBCE}.Debug|Any CPU.ActiveCfg = Debug|x86
		{7FC39ABB-2DD7-4598-8A0B-4AB9596DDBCE}.Debug|Any CPU.Build.0 = Debug|x86
		{7FC39ABB-2DD7-4598-8A0B-4AB9596DDBCE}.Debug|Any CPU.Deploy.0 = Debug|x86
		{7FC39ABB-2DD7-4598-8A0B-4AB9596DDBCE}.Debug|ARM.ActiveCfg = Debug|ARM
		{7FC39ABB-2DD7-4598-8A0B-4AB9596DDBCE}.Debug|ARM.Build.0 = Debug|ARM
		{7FC39ABB-2DD7-4598-8A0B-4AB9596DDBCE}.Debug|ARM.Deploy.0 = Debug|ARM
		{7FC39ABB-2DD7-4598-8A0B-4AB9596DDBCE}.Debug|iPhone.ActiveCfg = Debug|x86
		{7FC39ABB-2DD7-4598-8A0B-4AB9596DDBCE}.Debug|iPhoneSimulator.ActiveCfg = Debug|x86
		{7FC39ABB-2DD7-4598-8A0B-4AB9596DDBCE}.Debug|x64.ActiveCfg = Debug|x64
		{7FC39ABB-2DD7-4598-8A0B-4AB9596DDBCE}.Debug|x64.Build.0 = Debug|x64
		{7FC39ABB-2DD7-4598-8A0B-4AB9596DDBCE}.Debug|x64.Deploy.0 = Debug|x64
		{7FC39ABB-2DD7-4598-8A0B-4AB9596DDBCE}.Debug|x86.ActiveCfg = Debug|x86
		{7FC39ABB-2DD7-4598-8A0B-4AB9596DDBCE}.Debug|x86.Build.0 = Debug|x86
		{7FC39ABB-2DD7-4598-8A0B-4AB9596DDBCE}.Debug|x86.Deploy.0 = Debug|x86
		{7FC39ABB-2DD7-4598-8A0B-4AB9596DDBCE}.Release|Any CPU.ActiveCfg = Release|x86
		{7FC39ABB-2DD7-4598-8A0B-4AB9596DDBCE}.Release|ARM.ActiveCfg = Release|ARM
		{7FC39ABB-2DD7-4598-8A0B-4AB9596DDBCE}.Release|ARM.Build.0 = Release|ARM
		{7FC39ABB-2DD7-4598-8A0B-4AB9596DDBCE}.Release|ARM.Deploy.0 = Release|ARM
		{7FC39ABB-2DD7-4598-8A0B-4AB9596DDBCE}.Release|iPhone.ActiveCfg = Release|x86
		{7FC39ABB-2DD7-4598-8A0B-4AB9596DDBCE}.Release|iPhoneSimulator.ActiveCfg = Release|x86
		{7FC39ABB-2DD7-4598-8A0B-4AB9596DDBCE}.Release|x64.ActiveCfg = Release|x64
		{7FC39ABB-2DD7-4598-8A0B-4AB9596DDBCE}.Release|x64.Build.0 = Release|x64
		{7FC39ABB-2DD7-4598-8A0B-4AB9596DDBCE}.Release|x64.Deploy.0 = Release|x64
		{7FC39ABB-2DD7-4598-8A0B-4AB9596DDBCE}.Release|x86.ActiveCfg = Release|x86
		{7FC39ABB-2DD7-4598-8A0B-4AB9596DDBCE}.Release|x86.Build.0 = Release|x86
		{7FC39ABB-2DD7-4598-8A0B-4AB9596DDBCE}.Release|x86.Deploy.0 = Release|x86
	EndGlobalSection
	GlobalSection(SolutionProperties) = preSolution
		HideSolutionNode = FALSE
	EndGlobalSection
	GlobalSection(ExtensibilityGlobals) = postSolution
		SolutionGuid = {8DFAEA93-E69D-4E47-94C4-366E2079F513}
	EndGlobalSection
EndGlobal
